
Microsoft Visual Studio Solution File, Format Version 12.00
# Visual Studio Version 16
VisualStudioVersion = 16.0.31624.102
MinimumVisualStudioVersion = 10.0.40219.1
Project("{FAE04EC0-301F-11D3-BF4B-00C04F79EFBC}") = "admission-pre-msc", "admission-pre-msc.csproj", "{1EF77D74-3391-4CCB-A4A6-936F4AEBB909}"
EndProject
Global
	GlobalSection(SolutionConfigurationPlatforms) = preSolution
		Debug|Any CPU = Debug|Any CPU
		Release|Any CPU = Release|Any CPU
	EndGlobalSection
	GlobalSection(ProjectConfigurationPlatforms) = postSolution
		{1EF77D74-3391-4CCB-A4A6-936F4AEBB909}.Debug|Any CPU.ActiveCfg = Debug|Any CPU
		{1EF77D74-3391-4CCB-A4A6-936F4AEBB909}.Debug|Any CPU.Build.0 = Debug|Any CPU
		{1EF77D74-3391-4CCB-A4A6-936F4AEBB909}.Release|Any CPU.ActiveCfg = Release|Any CPU
		{1EF77D74-3391-4CCB-A4A6-936F4AEBB909}.Release|Any CPU.Build.0 = Release|Any CPU
	EndGlobalSection
	GlobalSection(SolutionProperties) = preSolution
		HideSolutionNode = FALSE
	EndGlobalSection
	GlobalSection(ExtensibilityGlobals) = postSolution
		SolutionGuid = {2A0E5752-3A84-4C04-A912-E95376E6B620}
	EndGlobalSection
EndGlobal
